{
  "nodes": {
    "flake-utils": {
      "locked": {
        "lastModified": 1667395993,
        "narHash": "sha256-nuEHfE/LcWyuSWnS8t12N1wc105Qtau+/OdUAjtQ0rA=",
        "owner": "numtide",
        "repo": "flake-utils",
        "rev": "5aed5285a952e0b949eb3ba02c12fa4fcfef535f",
        "type": "github"
      },
      "original": {
        "owner": "numtide",
        "repo": "flake-utils",
        "type": "github"
      }
    },
    "flake-utils_2": {
      "locked": {
        "lastModified": 1659877975,
        "narHash": "sha256-zllb8aq3YO3h8B/U0/J1WBgAL8EX5yWf5pMj3G0NAmc=",
        "owner": "numtide",
        "repo": "flake-utils",
        "rev": "c0e246b9b83f637f4681389ecabcb2681b4f3af0",
        "type": "github"
      },
      "original": {
        "owner": "numtide",
        "repo": "flake-utils",
        "type": "github"
      }
    },
    "idris-emacs-src": {
      "flake": false,
      "locked": {
        "lastModified": 1658380032,
        "narHash": "sha256-w6/A0TcSyunLzGYztaWOVsnXasLmc0jfS1Hv6AG52Bk=",
        "owner": "redfish64",
        "repo": "idris2-mode",
        "rev": "23618a1debaa4f5f2cfbe3200d63e09e626be61a",
        "type": "github"
      },
      "original": {
        "owner": "redfish64",
        "repo": "idris2-mode",
        "type": "github"
      }
    },
    "idris-lang": {
      "inputs": {
        "flake-utils": "flake-utils_2",
        "idris-emacs-src": "idris-emacs-src",
        "nixpkgs": [
          "nixpkgs"
        ]
      },
      "locked": {
        "lastModified": 1671813588,
        "narHash": "sha256-ZqtSvE2+36apjLyKaKPF68VJ3fZViaVWswInUNccgAY=",
        "owner": "idris-lang",
        "repo": "Idris2",
        "rev": "947432fa30d75ae0e888211e17c10971d06e3eb5",
        "type": "github"
      },
      "original": {
        "owner": "idris-lang",
        "repo": "Idris2",
        "type": "github"
      }
    },
    "nixpkgs": {
      "locked": {
        "lastModified": 1672169410,
        "narHash": "sha256-D3vZfJ4Lcp+XXQ+kNG9aKo+7ggA75DuFz1D1tMlP8Zg=",
        "owner": "NixOS",
        "repo": "nixpkgs",
        "rev": "e59753591be0f411de2d1f50fec8d5c2c01c03e1",
        "type": "github"
      },
      "original": {
        "owner": "NixOS",
        "repo": "nixpkgs",
        "type": "github"
      }
    },
    "root": {
      "inputs": {
        "flake-utils": "flake-utils",
        "idris-lang": "idris-lang",
        "nixpkgs": "nixpkgs"
      }
    }
  },
  "root": "root",
  "version": 7
}
